{
  "requires": true,
  "lockfileVersion": 1,
  "dependencies": {
    "systemjs": {
      "version": "6.7.1",
      "resolved": "https://registry.npmjs.org/systemjs/-/systemjs-6.7.1.tgz",
      "integrity": "sha512-Q78H/SYy9ErC8PH8r9vA/FcQ3X+Hf33dOpx2JKP/Ma6f2gHuSScPFuCKZH+6CIj7EsIJlzODxSG4mMIpjOh5oA=="
    }
  }
}
